
Microsoft Visual Studio Solution File, Format Version 12.00
# Visual Studio Version 17
VisualStudioVersion = 17.2.32602.215
MinimumVisualStudioVersion = 10.0.40219.1
Project("{9A19103F-16F7-4668-BE54-9A1E7A4F7556}") = "CoinsSum", "CoinsSum\CoinsSum.csproj", "{32C55870-A4D8-4217-8018-026B20160EC7}"
EndProject
Project("{FAE04EC0-301F-11D3-BF4B-00C04F79EFBC}") = "MergeAlgurithmExample", "MergeAlgurithmExample\MergeAlgurithmExample.csproj", "{614BA14A-0D7F-4D21-85B5-1BA3F63F2276}"
EndProject
Global
	GlobalSection(SolutionConfigurationPlatforms) = preSolution
		Debug|Any CPU = Debug|Any CPU
		Release|Any CPU = Release|Any CPU
	EndGlobalSection
	GlobalSection(ProjectConfigurationPlatforms) = postSolution
		{32C55870-A4D8-4217-8018-026B20160EC7}.Debug|Any CPU.ActiveCfg = Debug|Any CPU
		{32C55870-A4D8-4217-8018-026B20160EC7}.Debug|Any CPU.Build.0 = Debug|Any CPU
		{32C55870-A4D8-4217-8018-026B20160EC7}.Release|Any CPU.ActiveCfg = Release|Any CPU
		{32C55870-A4D8-4217-8018-026B20160EC7}.Release|Any CPU.Build.0 = Release|Any CPU
		{614BA14A-0D7F-4D21-85B5-1BA3F63F2276}.Debug|Any CPU.ActiveCfg = Debug|Any CPU
		{614BA14A-0D7F-4D21-85B5-1BA3F63F2276}.Debug|Any CPU.Build.0 = Debug|Any CPU
		{614BA14A-0D7F-4D21-85B5-1BA3F63F2276}.Release|Any CPU.ActiveCfg = Release|Any CPU
		{614BA14A-0D7F-4D21-85B5-1BA3F63F2276}.Release|Any CPU.Build.0 = Release|Any CPU
	EndGlobalSection
	GlobalSection(SolutionProperties) = preSolution
		HideSolutionNode = FALSE
	EndGlobalSection
	GlobalSection(ExtensibilityGlobals) = postSolution
		SolutionGuid = {847815F0-FDCE-4B51-9EA6-96E55E2C2F80}
	EndGlobalSection
EndGlobal
